
Microsoft Visual Studio Solution File, Format Version 12.00
# Visual Studio Version 17
VisualStudioVersion = 17.8.34525.116
MinimumVisualStudioVersion = 10.0.40219.1
Project("{FAE04EC0-301F-11D3-BF4B-00C04F79EFBC}") = "ClinicManager.API", "ClinicManager.API\ClinicManager.API.csproj", "{9BE4499D-0F6B-472F-8AAD-12491EEEA13C}"
EndProject
Project("{FAE04EC0-301F-11D3-BF4B-00C04F79EFBC}") = "ClinicManager.Core", "ClinicManager.Core\ClinicManager.Core.csproj", "{5C9F0D96-FD69-4712-B446-E2AB90EA983C}"
EndProject
Global
	GlobalSection(SolutionConfigurationPlatforms) = preSolution
		Debug|Any CPU = Debug|Any CPU
		Release|Any CPU = Release|Any CPU
	EndGlobalSection
	GlobalSection(ProjectConfigurationPlatforms) = postSolution
		{9BE4499D-0F6B-472F-8AAD-12491EEEA13C}.Debug|Any CPU.ActiveCfg = Debug|Any CPU
		{9BE4499D-0F6B-472F-8AAD-12491EEEA13C}.Debug|Any CPU.Build.0 = Debug|Any CPU
		{9BE4499D-0F6B-472F-8AAD-12491EEEA13C}.Release|Any CPU.ActiveCfg = Release|Any CPU
		{9BE4499D-0F6B-472F-8AAD-12491EEEA13C}.Release|Any CPU.Build.0 = Release|Any CPU
		{5C9F0D96-FD69-4712-B446-E2AB90EA983C}.Debug|Any CPU.ActiveCfg = Debug|Any CPU
		{5C9F0D96-FD69-4712-B446-E2AB90EA983C}.Debug|Any CPU.Build.0 = Debug|Any CPU
		{5C9F0D96-FD69-4712-B446-E2AB90EA983C}.Release|Any CPU.ActiveCfg = Release|Any CPU
		{5C9F0D96-FD69-4712-B446-E2AB90EA983C}.Release|Any CPU.Build.0 = Release|Any CPU
	EndGlobalSection
	GlobalSection(SolutionProperties) = preSolution
		HideSolutionNode = FALSE
	EndGlobalSection
	GlobalSection(ExtensibilityGlobals) = postSolution
		SolutionGuid = {B6BC4432-3B0D-4EE9-B5DF-B26927D8A89C}
	EndGlobalSection
EndGlobal
